<?xml version="1.0" encoding="utf-8"?>
<Project ToolsVersion="4.0" xmlns="http://schemas.microsoft.com/developer/msbuild/2003">
  <ItemGroup>
    <Filter Include="Source Files">
      <UniqueIdentifier>{4FC737F1-C7A5-4376-A066-2A32D752A2FF}</UniqueIdentifier>
      <Extensions>cpp;c;cc;cxx;c++;cppm;ixx;def;odl;idl;hpj;bat;asm;asmx</Extensions>
    </Filter>
    <Filter Include="Header Files">
      <UniqueIdentifier>{93995380-89BD-4b04-88EB-625FBE52EBFB}</UniqueIdentifier>
      <Extensions>h;hh;hpp;hxx;h++;hm;inl;inc;ipp;xsd</Extensions>
    </Filter>
    <Filter Include="Resource Files">
      <UniqueIdentifier>{67DA6AB6-F800-4c08-8B7A-83BB121AAD01}</UniqueIdentifier>
      <Extensions>rc;ico;cur;bmp;dlg;rc2;rct;bin;rgs;gif;jpg;jpeg;jpe;resx;tiff;tif;png;wav;mfcribbon-ms</Extensions>
    </Filter>
  </ItemGroup>
  <ItemGroup>
    <ClCompile Include="JetLag2021Application.cpp">
      <Filter>Source Files</Filter>
    </ClCompile>
    <ClCompile Include="Utility.cpp">
      <Filter>Source Files</Filter>
    </ClCompile>
    <ClCompile Include="OptionManager.cpp">
      <Filter>Source Files</Filter>
    </ClCompile>
    <ClCompile Include="JetLag2021Renderer.cpp">
      <Filter>Source Files</Filter>
    </ClCompile>
    <ClCompile Include="GameOverRenderer.cpp">
      <Filter>Source Files</Filter>
    </ClCompile>
    <ClCompile Include="RomFontManager.cpp">
      <Filter>Source Files</Filter>
    </ClCompile>
    <ClCompile Include="TitleScreenRenderer.cpp">
      <Filter>Source Files</Filter>
    </ClCompile>
    <ClCompile Include="Common\Application.cpp">
      <Filter>Source Files</Filter>
    </ClCompile>
    <ClCompile Include="Common\main.cpp">
      <Filter>Source Files</Filter>
    </ClCompile>
    <ClCompile Include="Common\SoundManager.cpp">
      <Filter>Source Files</Filter>
    </ClCompile>
    <ClCompile Include="Game\GameData.cpp">
      <Filter>Source Files</Filter>
    </ClCompile>
    <ClCompile Include="EventHandlers\GameOverEventHandler.cpp">
      <Filter>Source Files</Filter>
    </ClCompile>
    <ClCompile Include="EventHandlers\InPlayEventHandler.cpp">
      <Filter>Source Files</Filter>
    </ClCompile>
    <ClCompile Include="EventHandlers\JetLag2021EventHandler.cpp">
      <Filter>Source Files</Filter>
    </ClCompile>
    <ClCompile Include="EventHandlers\TitleScreenEventHandler.cpp">
      <Filter>Source Files</Filter>
    </ClCompile>
  </ItemGroup>
  <ItemGroup>
    <ClInclude Include="JetLag2021Application.h">
      <Filter>Header Files</Filter>
    </ClInclude>
    <ClInclude Include="Utility.h">
      <Filter>Header Files</Filter>
    </ClInclude>
    <ClInclude Include="OptionManager.h">
      <Filter>Header Files</Filter>
    </ClInclude>
    <ClInclude Include="JetLag2021Renderer.h">
      <Filter>Header Files</Filter>
    </ClInclude>
    <ClInclude Include="GameOverRenderer.h">
      <Filter>Header Files</Filter>
    </ClInclude>
    <ClInclude Include="RomFontManager.h">
      <Filter>Header Files</Filter>
    </ClInclude>
    <ClInclude Include="TitleScreenRenderer.h">
      <Filter>Header Files</Filter>
    </ClInclude>
    <ClInclude Include="Common\Application.h">
      <Filter>Header Files</Filter>
    </ClInclude>
    <ClInclude Include="Common\SoundManager.h">
      <Filter>Header Files</Filter>
    </ClInclude>
    <ClInclude Include="Game\GameData.h">
      <Filter>Header Files</Filter>
    </ClInclude>
    <ClInclude Include="Constants\Board.h">
      <Filter>Header Files</Filter>
    </ClInclude>
    <ClInclude Include="Constants\Block.h">
      <Filter>Header Files</Filter>
    </ClInclude>
    <ClInclude Include="Constants\PickUp.h">
      <Filter>Header Files</Filter>
    </ClInclude>
    <ClInclude Include="Constants\Tail.h">
      <Filter>Header Files</Filter>
    </ClInclude>
    <ClInclude Include="Constants\Cell.h">
      <Filter>Header Files</Filter>
    </ClInclude>
    <ClInclude Include="Constants\Window.h">
      <Filter>Header Files</Filter>
    </ClInclude>
    <ClInclude Include="Constants\Color.h">
      <Filter>Header Files</Filter>
    </ClInclude>
    <ClInclude Include="Constants\Sound.h">
      <Filter>Header Files</Filter>
    </ClInclude>
    <ClInclude Include="Constants\Game.h">
      <Filter>Header Files</Filter>
    </ClInclude>
    <ClInclude Include="Constants\Options.h">
      <Filter>Header Files</Filter>
    </ClInclude>
    <ClInclude Include="Constants\RomFont.h">
      <Filter>Header Files</Filter>
    </ClInclude>
    <ClInclude Include="Constants\Utility.h">
      <Filter>Header Files</Filter>
    </ClInclude>
    <ClInclude Include="Constants\UI.h">
      <Filter>Header Files</Filter>
    </ClInclude>
    <ClInclude Include="EventHandlers\GameOverEventHandler.h">
      <Filter>Header Files</Filter>
    </ClInclude>
    <ClInclude Include="EventHandlers\InPlayEventHandler.h">
      <Filter>Header Files</Filter>
    </ClInclude>
    <ClInclude Include="EventHandlers\JetLag2021EventHandler.h">
      <Filter>Header Files</Filter>
    </ClInclude>
    <ClInclude Include="EventHandlers\TitleScreenEventHandler.h">
      <Filter>Header Files</Filter>
    </ClInclude>
  </ItemGroup>
</Project>